<?xml version="1.0" encoding="utf-8"?>
<Project ToolsVersion="4.0" xmlns="http://schemas.microsoft.com/developer/msbuild/2003">
  <ItemGroup>
    <Filter Include="gameboard">
      <UniqueIdentifier>{b651f9a5-632a-4938-8d56-699b8dc46e5d}</UniqueIdentifier>
    </Filter>
    <Filter Include="graphics">
      <UniqueIdentifier>{d35ee3f7-3b78-4754-b2af-957b8709f3b7}</UniqueIdentifier>
    </Filter>
  </ItemGroup>
  <ItemGroup>
    <ClInclude Include="gameboard.h">
      <Filter>gameboard</Filter>
    </ClInclude>
    <ClInclude Include="graphics.h">
      <Filter>graphics</Filter>
    </ClInclude>
  </ItemGroup>
  <ItemGroup>
    <ClCompile Include="gameboard.cpp">
      <Filter>gameboard</Filter>
    </ClCompile>
    <ClCompile Include="main.cpp" />
    <ClCompile Include="graphics.cpp">
      <Filter>graphics</Filter>
    </ClCompile>
  </ItemGroup>
</Project>