<?xml version="1.0" encoding="utf-8"?>
<Project ToolsVersion="4.0" xmlns="http://schemas.microsoft.com/developer/msbuild/2003">
  <ItemGroup>
    <Filter Include="gameboard">
      <UniqueIdentifier>{b651f9a5-632a-4938-8d56-699b8dc46e5d}</UniqueIdentifier>
    </Filter>
    <Filter Include="graphics">
      <UniqueIdentifier>{d35ee3f7-3b78-4754-b2af-957b8709f3b7}</UniqueIdentifier>
    </Filter>
    <Filter Include="ext">
      <UniqueIdentifier>{167b70b7-6749-43b0-bd1a-2d178d0d05d1}</UniqueIdentifier>
    </Filter>
    <Filter Include="ext\lib">
      <UniqueIdentifier>{b939ab7c-6ca3-4a3b-baa4-dd2a80cc9b32}</UniqueIdentifier>
    </Filter>
    <Filter Include="ext\res">
      <UniqueIdentifier>{cc7f6eea-9424-4755-bf31-afdb0f82740d}</UniqueIdentifier>
    </Filter>
    <Filter Include="BMP">
      <UniqueIdentifier>{45a1621b-5bb4-4386-97e7-8f50e8a03bd2}</UniqueIdentifier>
    </Filter>
    <Filter Include="BacktrackResolver">
      <UniqueIdentifier>{b3fda094-d99d-4e24-94b9-bce46e113954}</UniqueIdentifier>
    </Filter>
    <Filter Include="ext\lib\x86">
      <UniqueIdentifier>{8da49754-14a8-4f6f-b21c-42713a658771}</UniqueIdentifier>
    </Filter>
    <Filter Include="ext\lib\x64">
      <UniqueIdentifier>{ec5fdc8a-3202-4ec3-a620-7487fa667f9c}</UniqueIdentifier>
    </Filter>
  </ItemGroup>
  <ItemGroup>
    <ClInclude Include="gameboard.h">
      <Filter>gameboard</Filter>
    </ClInclude>
    <ClInclude Include="graphics.h">
      <Filter>graphics</Filter>
    </ClInclude>
    <ClInclude Include="BMP.h">
      <Filter>BMP</Filter>
    </ClInclude>
    <ClInclude Include="defines.h" />
    <ClInclude Include="BacktrackResolver.h">
      <Filter>BacktrackResolver</Filter>
    </ClInclude>
  </ItemGroup>
  <ItemGroup>
    <ClCompile Include="gameboard.cpp">
      <Filter>gameboard</Filter>
    </ClCompile>
    <ClCompile Include="main.cpp" />
    <ClCompile Include="graphics.cpp">
      <Filter>graphics</Filter>
    </ClCompile>
    <ClCompile Include="BMP.cpp">
      <Filter>BMP</Filter>
    </ClCompile>
    <ClCompile Include="BacktrackResolver.cpp">
      <Filter>BacktrackResolver</Filter>
    </ClCompile>
  </ItemGroup>
  <ItemGroup>
    <Library Include="lib\SDL2\lib\x86\SDL2main.lib">
      <Filter>ext\lib\x86</Filter>
    </Library>
    <Library Include="lib\SDL2\lib\x86\SDL2.lib">
      <Filter>ext\lib\x86</Filter>
    </Library>
    <Library Include="lib\SDL2\lib\x64\SDL2.lib">
      <Filter>ext\lib\x64</Filter>
    </Library>
    <Library Include="lib\SDL2\lib\x64\SDL2main.lib">
      <Filter>ext\lib\x64</Filter>
    </Library>
  </ItemGroup>
  <ItemGroup>
    <Image Include="res\1.bmp">
      <Filter>ext\res</Filter>
    </Image>
    <Image Include="res\2.bmp">
      <Filter>ext\res</Filter>
    </Image>
    <Image Include="res\3.bmp">
      <Filter>ext\res</Filter>
    </Image>
    <Image Include="res\4.bmp">
      <Filter>ext\res</Filter>
    </Image>
    <Image Include="res\5.bmp">
      <Filter>ext\res</Filter>
    </Image>
    <Image Include="res\6.bmp">
      <Filter>ext\res</Filter>
    </Image>
    <Image Include="res\7.bmp">
      <Filter>ext\res</Filter>
    </Image>
    <Image Include="res\8.bmp">
      <Filter>ext\res</Filter>
    </Image>
    <Image Include="res\9.bmp">
      <Filter>ext\res</Filter>
    </Image>
    <Image Include="res\icon.bmp">
      <Filter>ext\res</Filter>
    </Image>
  </ItemGroup>
  <ItemGroup>
    <None Include="lib\SDL2\lib\x86\SDL2.dll">
      <Filter>ext\lib\x86</Filter>
    </None>
    <None Include="lib\SDL2\lib\x64\SDL2.dll">
      <Filter>ext\lib\x64</Filter>
    </None>
  </ItemGroup>
</Project>